// !$*UTF8*$!
{
	archiveVersion = 1;
	classes = {
	};
	objectVersion = 50;
	objects = {

/* Begin PBXBuildFile section */
		9626120E23618CF900ABF1D1 /* RxKoloda.h in Headers */ = {isa = PBXBuildFile; fileRef = 9626120C23618CF900ABF1D1 /* RxKoloda.h */; settings = {ATTRIBUTES = (Public, ); }; };
		9626121D23618D0400ABF1D1 /* KolodaView+Rx.swift in Sources */ = {isa = PBXBuildFile; fileRef = 9626121523618D0400ABF1D1 /* KolodaView+Rx.swift */; };
		9626121E23618D0400ABF1D1 /* RxKolodaViewReactiveArrayDataSource.swift in Sources */ = {isa = PBXBuildFile; fileRef = 9626121623618D0400ABF1D1 /* RxKolodaViewReactiveArrayDataSource.swift */; };
		9626121F23618D0400ABF1D1 /* RxKolodaViewDataSourceType.swift in Sources */ = {isa = PBXBuildFile; fileRef = 9626121723618D0400ABF1D1 /* RxKolodaViewDataSourceType.swift */; };
		9626122023618D0400ABF1D1 /* RxKolodaDataSourceProxy.swift in Sources */ = {isa = PBXBuildFile; fileRef = 9626121923618D0400ABF1D1 /* RxKolodaDataSourceProxy.swift */; };
		9626122123618D0400ABF1D1 /* RxHelpers.swift in Sources */ = {isa = PBXBuildFile; fileRef = 9626121B23618D0400ABF1D1 /* RxHelpers.swift */; };
		9626122223618D0400ABF1D1 /* RxKolodaViewDelegateProxy.swift in Sources */ = {isa = PBXBuildFile; fileRef = 9626121C23618D0400ABF1D1 /* RxKolodaViewDelegateProxy.swift */; };
		9626122323618D1A00ABF1D1 /* Koloda.framework in Frameworks */ = {isa = PBXBuildFile; fileRef = 9698951F2361838700F7B483 /* Koloda.framework */; };
		9626122423618D1A00ABF1D1 /* RxCocoa.framework in Frameworks */ = {isa = PBXBuildFile; fileRef = 9698951D2361838700F7B483 /* RxCocoa.framework */; };
		9626122523618D1A00ABF1D1 /* RxSwift.framework in Frameworks */ = {isa = PBXBuildFile; fileRef = 9698951E2361838700F7B483 /* RxSwift.framework */; };
		968BF8B4236209DA00BBD67A /* RxKolodaDelegateProxy.swift in Sources */ = {isa = PBXBuildFile; fileRef = 968BF8B3236209DA00BBD67A /* RxKolodaDelegateProxy.swift */; };
		968BF8BC236212FE00BBD67A /* AppDelegate.swift in Sources */ = {isa = PBXBuildFile; fileRef = 968BF8BB236212FE00BBD67A /* AppDelegate.swift */; };
		968BF8BE236212FE00BBD67A /* SceneDelegate.swift in Sources */ = {isa = PBXBuildFile; fileRef = 968BF8BD236212FE00BBD67A /* SceneDelegate.swift */; };
		968BF8C0236212FE00BBD67A /* ViewController.swift in Sources */ = {isa = PBXBuildFile; fileRef = 968BF8BF236212FE00BBD67A /* ViewController.swift */; };
		968BF8C3236212FE00BBD67A /* Main.storyboard in Resources */ = {isa = PBXBuildFile; fileRef = 968BF8C1236212FE00BBD67A /* Main.storyboard */; };
		968BF8C52362130100BBD67A /* Assets.xcassets in Resources */ = {isa = PBXBuildFile; fileRef = 968BF8C42362130100BBD67A /* Assets.xcassets */; };
		968BF8C82362130100BBD67A /* LaunchScreen.storyboard in Resources */ = {isa = PBXBuildFile; fileRef = 968BF8C62362130100BBD67A /* LaunchScreen.storyboard */; };
		968BF8CD2362130C00BBD67A /* RxKoloda.framework in Frameworks */ = {isa = PBXBuildFile; fileRef = 9626120A23618CF900ABF1D1 /* RxKoloda.framework */; };
		968BF8CE2362130C00BBD67A /* RxKoloda.framework in Embed Frameworks */ = {isa = PBXBuildFile; fileRef = 9626120A23618CF900ABF1D1 /* RxKoloda.framework */; settings = {ATTRIBUTES = (CodeSignOnCopy, RemoveHeadersOnCopy, ); }; };
		968BF8D22362137400BBD67A /* Koloda.framework in Frameworks */ = {isa = PBXBuildFile; fileRef = 9698951F2361838700F7B483 /* Koloda.framework */; };
		968BF8D32362137400BBD67A /* Koloda.framework in Embed Frameworks */ = {isa = PBXBuildFile; fileRef = 9698951F2361838700F7B483 /* Koloda.framework */; settings = {ATTRIBUTES = (CodeSignOnCopy, RemoveHeadersOnCopy, ); }; };
		968BF8D42362137400BBD67A /* RxCocoa.framework in Frameworks */ = {isa = PBXBuildFile; fileRef = 9698951D2361838700F7B483 /* RxCocoa.framework */; };
		968BF8D52362137400BBD67A /* RxCocoa.framework in Embed Frameworks */ = {isa = PBXBuildFile; fileRef = 9698951D2361838700F7B483 /* RxCocoa.framework */; settings = {ATTRIBUTES = (CodeSignOnCopy, RemoveHeadersOnCopy, ); }; };
		968BF8D62362137400BBD67A /* RxSwift.framework in Frameworks */ = {isa = PBXBuildFile; fileRef = 9698951E2361838700F7B483 /* RxSwift.framework */; };
		968BF8D72362137400BBD67A /* RxSwift.framework in Embed Frameworks */ = {isa = PBXBuildFile; fileRef = 9698951E2361838700F7B483 /* RxSwift.framework */; settings = {ATTRIBUTES = (CodeSignOnCopy, RemoveHeadersOnCopy, ); }; };
		968BF8D92362137400BBD67A /* pop.framework in Frameworks */ = {isa = PBXBuildFile; fileRef = 968BF8D82362137400BBD67A /* pop.framework */; };
		968BF8DA2362137400BBD67A /* pop.framework in Embed Frameworks */ = {isa = PBXBuildFile; fileRef = 968BF8D82362137400BBD67A /* pop.framework */; settings = {ATTRIBUTES = (CodeSignOnCopy, RemoveHeadersOnCopy, ); }; };
/* End PBXBuildFile section */

/* Begin PBXContainerItemProxy section */
		968BF8CF2362130C00BBD67A /* PBXContainerItemProxy */ = {
			isa = PBXContainerItemProxy;
			containerPortal = 969894F823617EA000F7B483 /* Project object */;
			proxyType = 1;
			remoteGlobalIDString = 9626120923618CF900ABF1D1;
			remoteInfo = RxKoloda;
		};
/* End PBXContainerItemProxy section */

/* Begin PBXCopyFilesBuildPhase section */
		968BF8D12362130C00BBD67A /* Embed Frameworks */ = {
			isa = PBXCopyFilesBuildPhase;
			buildActionMask = 2147483647;
			dstPath = "";
			dstSubfolderSpec = 10;
			files = (
				968BF8D72362137400BBD67A /* RxSwift.framework in Embed Frameworks */,
				968BF8D52362137400BBD67A /* RxCocoa.framework in Embed Frameworks */,
				968BF8DA2362137400BBD67A /* pop.framework in Embed Frameworks */,
				968BF8D32362137400BBD67A /* Koloda.framework in Embed Frameworks */,
				968BF8CE2362130C00BBD67A /* RxKoloda.framework in Embed Frameworks */,
			);
			name = "Embed Frameworks";
			runOnlyForDeploymentPostprocessing = 0;
		};
/* End PBXCopyFilesBuildPhase section */

/* Begin PBXFileReference section */
		9626120A23618CF900ABF1D1 /* RxKoloda.framework */ = {isa = PBXFileReference; explicitFileType = wrapper.framework; includeInIndex = 0; path = RxKoloda.framework; sourceTree = BUILT_PRODUCTS_DIR; };
		9626120C23618CF900ABF1D1 /* RxKoloda.h */ = {isa = PBXFileReference; lastKnownFileType = sourcecode.c.h; path = RxKoloda.h; sourceTree = "<group>"; };
		9626120D23618CF900ABF1D1 /* Info.plist */ = {isa = PBXFileReference; lastKnownFileType = text.plist.xml; path = Info.plist; sourceTree = "<group>"; };
		9626121523618D0400ABF1D1 /* KolodaView+Rx.swift */ = {isa = PBXFileReference; fileEncoding = 4; lastKnownFileType = sourcecode.swift; path = "KolodaView+Rx.swift"; sourceTree = "<group>"; };
		9626121623618D0400ABF1D1 /* RxKolodaViewReactiveArrayDataSource.swift */ = {isa = PBXFileReference; fileEncoding = 4; lastKnownFileType = sourcecode.swift; path = RxKolodaViewReactiveArrayDataSource.swift; sourceTree = "<group>"; };
		9626121723618D0400ABF1D1 /* RxKolodaViewDataSourceType.swift */ = {isa = PBXFileReference; fileEncoding = 4; lastKnownFileType = sourcecode.swift; path = RxKolodaViewDataSourceType.swift; sourceTree = "<group>"; };
		9626121923618D0400ABF1D1 /* RxKolodaDataSourceProxy.swift */ = {isa = PBXFileReference; fileEncoding = 4; lastKnownFileType = sourcecode.swift; path = RxKolodaDataSourceProxy.swift; sourceTree = "<group>"; };
		9626121B23618D0400ABF1D1 /* RxHelpers.swift */ = {isa = PBXFileReference; fileEncoding = 4; lastKnownFileType = sourcecode.swift; path = RxHelpers.swift; sourceTree = "<group>"; };
		9626121C23618D0400ABF1D1 /* RxKolodaViewDelegateProxy.swift */ = {isa = PBXFileReference; fileEncoding = 4; lastKnownFileType = sourcecode.swift; path = RxKolodaViewDelegateProxy.swift; sourceTree = "<group>"; };
		968BF8B3236209DA00BBD67A /* RxKolodaDelegateProxy.swift */ = {isa = PBXFileReference; lastKnownFileType = sourcecode.swift; path = RxKolodaDelegateProxy.swift; sourceTree = "<group>"; };
		968BF8B9236212FE00BBD67A /* TestApp.app */ = {isa = PBXFileReference; explicitFileType = wrapper.application; includeInIndex = 0; path = TestApp.app; sourceTree = BUILT_PRODUCTS_DIR; };
		968BF8BB236212FE00BBD67A /* AppDelegate.swift */ = {isa = PBXFileReference; lastKnownFileType = sourcecode.swift; path = AppDelegate.swift; sourceTree = "<group>"; };
		968BF8BD236212FE00BBD67A /* SceneDelegate.swift */ = {isa = PBXFileReference; lastKnownFileType = sourcecode.swift; path = SceneDelegate.swift; sourceTree = "<group>"; };
		968BF8BF236212FE00BBD67A /* ViewController.swift */ = {isa = PBXFileReference; lastKnownFileType = sourcecode.swift; path = ViewController.swift; sourceTree = "<group>"; };
		968BF8C2236212FE00BBD67A /* Base */ = {isa = PBXFileReference; lastKnownFileType = file.storyboard; name = Base; path = Base.lproj/Main.storyboard; sourceTree = "<group>"; };
		968BF8C42362130100BBD67A /* Assets.xcassets */ = {isa = PBXFileReference; lastKnownFileType = folder.assetcatalog; path = Assets.xcassets; sourceTree = "<group>"; };
		968BF8C72362130100BBD67A /* Base */ = {isa = PBXFileReference; lastKnownFileType = file.storyboard; name = Base; path = Base.lproj/LaunchScreen.storyboard; sourceTree = "<group>"; };
		968BF8C92362130100BBD67A /* Info.plist */ = {isa = PBXFileReference; lastKnownFileType = text.plist.xml; path = Info.plist; sourceTree = "<group>"; };
		968BF8D82362137400BBD67A /* pop.framework */ = {isa = PBXFileReference; lastKnownFileType = wrapper.framework; name = pop.framework; path = Carthage/Build/iOS/pop.framework; sourceTree = "<group>"; };
		9698951D2361838700F7B483 /* RxCocoa.framework */ = {isa = PBXFileReference; lastKnownFileType = wrapper.framework; name = RxCocoa.framework; path = Carthage/Build/iOS/RxCocoa.framework; sourceTree = "<group>"; };
		9698951E2361838700F7B483 /* RxSwift.framework */ = {isa = PBXFileReference; lastKnownFileType = wrapper.framework; name = RxSwift.framework; path = Carthage/Build/iOS/RxSwift.framework; sourceTree = "<group>"; };
		9698951F2361838700F7B483 /* Koloda.framework */ = {isa = PBXFileReference; lastKnownFileType = wrapper.framework; name = Koloda.framework; path = Carthage/Build/iOS/Koloda.framework; sourceTree = "<group>"; };
/* End PBXFileReference section */

/* Begin PBXFrameworksBuildPhase section */
		9626120723618CF900ABF1D1 /* Frameworks */ = {
			isa = PBXFrameworksBuildPhase;
			buildActionMask = 2147483647;
			files = (
				9626122323618D1A00ABF1D1 /* Koloda.framework in Frameworks */,
				9626122423618D1A00ABF1D1 /* RxCocoa.framework in Frameworks */,
				9626122523618D1A00ABF1D1 /* RxSwift.framework in Frameworks */,
			);
			runOnlyForDeploymentPostprocessing = 0;
		};
		968BF8B6236212FE00BBD67A /* Frameworks */ = {
			isa = PBXFrameworksBuildPhase;
			buildActionMask = 2147483647;
			files = (
				968BF8D62362137400BBD67A /* RxSwift.framework in Frameworks */,
				968BF8D42362137400BBD67A /* RxCocoa.framework in Frameworks */,
				968BF8D92362137400BBD67A /* pop.framework in Frameworks */,
				968BF8D22362137400BBD67A /* Koloda.framework in Frameworks */,
				968BF8CD2362130C00BBD67A /* RxKoloda.framework in Frameworks */,
			);
			runOnlyForDeploymentPostprocessing = 0;
		};
/* End PBXFrameworksBuildPhase section */

/* Begin PBXGroup section */
		9626120B23618CF900ABF1D1 /* RxKoloda */ = {
			isa = PBXGroup;
			children = (
				9626121223618D0400ABF1D1 /* Sources */,
				9626120C23618CF900ABF1D1 /* RxKoloda.h */,
				9626120D23618CF900ABF1D1 /* Info.plist */,
			);
			path = RxKoloda;
			sourceTree = "<group>";
		};
		9626121223618D0400ABF1D1 /* Sources */ = {
			isa = PBXGroup;
			children = (
				9626121323618D0400ABF1D1 /* DataSources */,
			);
			path = Sources;
			sourceTree = SOURCE_ROOT;
		};
		9626121323618D0400ABF1D1 /* DataSources */ = {
			isa = PBXGroup;
			children = (
				9626121423618D0400ABF1D1 /* Koloda+Rx */,
				9626121823618D0400ABF1D1 /* RxProxies */,
				9626121A23618D0400ABF1D1 /* RxHelpers */,
			);
			path = DataSources;
			sourceTree = "<group>";
		};
		9626121423618D0400ABF1D1 /* Koloda+Rx */ = {
			isa = PBXGroup;
			children = (
				9626121523618D0400ABF1D1 /* KolodaView+Rx.swift */,
				9626121623618D0400ABF1D1 /* RxKolodaViewReactiveArrayDataSource.swift */,
				9626121723618D0400ABF1D1 /* RxKolodaViewDataSourceType.swift */,
			);
			path = "Koloda+Rx";
			sourceTree = "<group>";
		};
		9626121823618D0400ABF1D1 /* RxProxies */ = {
			isa = PBXGroup;
			children = (
				9626121923618D0400ABF1D1 /* RxKolodaDataSourceProxy.swift */,
				968BF8B3236209DA00BBD67A /* RxKolodaDelegateProxy.swift */,
			);
			path = RxProxies;
			sourceTree = "<group>";
		};
		9626121A23618D0400ABF1D1 /* RxHelpers */ = {
			isa = PBXGroup;
			children = (
				9626121B23618D0400ABF1D1 /* RxHelpers.swift */,
				9626121C23618D0400ABF1D1 /* RxKolodaViewDelegateProxy.swift */,
			);
			path = RxHelpers;
			sourceTree = "<group>";
		};
		968BF8BA236212FE00BBD67A /* TestApp */ = {
			isa = PBXGroup;
			children = (
				968BF8BB236212FE00BBD67A /* AppDelegate.swift */,
				968BF8BD236212FE00BBD67A /* SceneDelegate.swift */,
				968BF8BF236212FE00BBD67A /* ViewController.swift */,
				968BF8C1236212FE00BBD67A /* Main.storyboard */,
				968BF8C42362130100BBD67A /* Assets.xcassets */,
				968BF8C62362130100BBD67A /* LaunchScreen.storyboard */,
				968BF8C92362130100BBD67A /* Info.plist */,
			);
			path = TestApp;
			sourceTree = "<group>";
		};
		969894F723617EA000F7B483 = {
			isa = PBXGroup;
			children = (
				9626120B23618CF900ABF1D1 /* RxKoloda */,
				968BF8BA236212FE00BBD67A /* TestApp */,
				9698950123617EA000F7B483 /* Products */,
				9698951C2361838600F7B483 /* Frameworks */,
			);
			sourceTree = "<group>";
		};
		9698950123617EA000F7B483 /* Products */ = {
			isa = PBXGroup;
			children = (
				9626120A23618CF900ABF1D1 /* RxKoloda.framework */,
				968BF8B9236212FE00BBD67A /* TestApp.app */,
			);
			name = Products;
			sourceTree = "<group>";
		};
		9698951C2361838600F7B483 /* Frameworks */ = {
			isa = PBXGroup;
			children = (
				968BF8D82362137400BBD67A /* pop.framework */,
				9698951F2361838700F7B483 /* Koloda.framework */,
				9698951D2361838700F7B483 /* RxCocoa.framework */,
				9698951E2361838700F7B483 /* RxSwift.framework */,
			);
			name = Frameworks;
			sourceTree = "<group>";
		};
/* End PBXGroup section */

/* Begin PBXHeadersBuildPhase section */
		9626120523618CF900ABF1D1 /* Headers */ = {
			isa = PBXHeadersBuildPhase;
			buildActionMask = 2147483647;
			files = (
				9626120E23618CF900ABF1D1 /* RxKoloda.h in Headers */,
			);
			runOnlyForDeploymentPostprocessing = 0;
		};
/* End PBXHeadersBuildPhase section */

/* Begin PBXNativeTarget section */
		9626120923618CF900ABF1D1 /* RxKoloda */ = {
			isa = PBXNativeTarget;
			buildConfigurationList = 9626120F23618CF900ABF1D1 /* Build configuration list for PBXNativeTarget "RxKoloda" */;
			buildPhases = (
				9626120523618CF900ABF1D1 /* Headers */,
				9626120623618CF900ABF1D1 /* Sources */,
				9626120723618CF900ABF1D1 /* Frameworks */,
				9626120823618CF900ABF1D1 /* Resources */,
			);
			buildRules = (
			);
			dependencies = (
			);
			name = RxKoloda;
			productName = RxKoloda;
			productReference = 9626120A23618CF900ABF1D1 /* RxKoloda.framework */;
			productType = "com.apple.product-type.framework";
		};
		968BF8B8236212FE00BBD67A /* TestApp */ = {
			isa = PBXNativeTarget;
			buildConfigurationList = 968BF8CC2362130100BBD67A /* Build configuration list for PBXNativeTarget "TestApp" */;
			buildPhases = (
				968BF8B5236212FE00BBD67A /* Sources */,
				968BF8B6236212FE00BBD67A /* Frameworks */,
				968BF8B7236212FE00BBD67A /* Resources */,
				968BF8D12362130C00BBD67A /* Embed Frameworks */,
			);
			buildRules = (
			);
			dependencies = (
				968BF8D02362130C00BBD67A /* PBXTargetDependency */,
			);
			name = TestApp;
			productName = TestApp;
			productReference = 968BF8B9236212FE00BBD67A /* TestApp.app */;
			productType = "com.apple.product-type.application";
		};
/* End PBXNativeTarget section */

/* Begin PBXProject section */
		969894F823617EA000F7B483 /* Project object */ = {
			isa = PBXProject;
			attributes = {
				LastSwiftUpdateCheck = 1110;
				LastUpgradeCheck = 1110;
				ORGANIZATIONNAME = Pubbus;
				TargetAttributes = {
					9626120923618CF900ABF1D1 = {
						CreatedOnToolsVersion = 11.1;
					};
					968BF8B8236212FE00BBD67A = {
						CreatedOnToolsVersion = 11.1;
					};
				};
			};
			buildConfigurationList = 969894FB23617EA000F7B483 /* Build configuration list for PBXProject "RxKoloda" */;
			compatibilityVersion = "Xcode 9.3";
			developmentRegion = en;
			hasScannedForEncodings = 0;
			knownRegions = (
				en,
				Base,
			);
			mainGroup = 969894F723617EA000F7B483;
			productRefGroup = 9698950123617EA000F7B483 /* Products */;
			projectDirPath = "";
			projectRoot = "";
			targets = (
				9626120923618CF900ABF1D1 /* RxKoloda */,
				968BF8B8236212FE00BBD67A /* TestApp */,
			);
		};
/* End PBXProject section */

/* Begin PBXResourcesBuildPhase section */
		9626120823618CF900ABF1D1 /* Resources */ = {
			isa = PBXResourcesBuildPhase;
			buildActionMask = 2147483647;
			files = (
			);
			runOnlyForDeploymentPostprocessing = 0;
		};
		968BF8B7236212FE00BBD67A /* Resources */ = {
			isa = PBXResourcesBuildPhase;
			buildActionMask = 2147483647;
			files = (
				968BF8C82362130100BBD67A /* LaunchScreen.storyboard in Resources */,
				968BF8C52362130100BBD67A /* Assets.xcassets in Resources */,
				968BF8C3236212FE00BBD67A /* Main.storyboard in Resources */,
			);
			runOnlyForDeploymentPostprocessing = 0;
		};
/* End PBXResourcesBuildPhase section */

/* Begin PBXSourcesBuildPhase section */
		9626120623618CF900ABF1D1 /* Sources */ = {
			isa = PBXSourcesBuildPhase;
			buildActionMask = 2147483647;
			files = (
				9626121F23618D0400ABF1D1 /* RxKolodaViewDataSourceType.swift in Sources */,
				9626122023618D0400ABF1D1 /* RxKolodaDataSourceProxy.swift in Sources */,
				9626122123618D0400ABF1D1 /* RxHelpers.swift in Sources */,
				9626121E23618D0400ABF1D1 /* RxKolodaViewReactiveArrayDataSource.swift in Sources */,
				9626122223618D0400ABF1D1 /* RxKolodaViewDelegateProxy.swift in Sources */,
				968BF8B4236209DA00BBD67A /* RxKolodaDelegateProxy.swift in Sources */,
				9626121D23618D0400ABF1D1 /* KolodaView+Rx.swift in Sources */,
			);
			runOnlyForDeploymentPostprocessing = 0;
		};
		968BF8B5236212FE00BBD67A /* Sources */ = {
			isa = PBXSourcesBuildPhase;
			buildActionMask = 2147483647;
			files = (
				968BF8C0236212FE00BBD67A /* ViewController.swift in Sources */,
				968BF8BC236212FE00BBD67A /* AppDelegate.swift in Sources */,
				968BF8BE236212FE00BBD67A /* SceneDelegate.swift in Sources */,
			);
			runOnlyForDeploymentPostprocessing = 0;
		};
/* End PBXSourcesBuildPhase section */

/* Begin PBXTargetDependency section */
		968BF8D02362130C00BBD67A /* PBXTargetDependency */ = {
			isa = PBXTargetDependency;
			target = 9626120923618CF900ABF1D1 /* RxKoloda */;
			targetProxy = 968BF8CF2362130C00BBD67A /* PBXContainerItemProxy */;
		};
/* End PBXTargetDependency section */

/* Begin PBXVariantGroup section */
		968BF8C1236212FE00BBD67A /* Main.storyboard */ = {
			isa = PBXVariantGroup;
			children = (
				968BF8C2236212FE00BBD67A /* Base */,
			);
			name = Main.storyboard;
			sourceTree = "<group>";
		};
		968BF8C62362130100BBD67A /* LaunchScreen.storyboard */ = {
			isa = PBXVariantGroup;
			children = (
				968BF8C72362130100BBD67A /* Base */,
			);
			name = LaunchScreen.storyboard;
			sourceTree = "<group>";
		};
/* End PBXVariantGroup section */

/* Begin XCBuildConfiguration section */
		9626121023618CF900ABF1D1 /* Debug */ = {
			isa = XCBuildConfiguration;
			buildSettings = {
				CODE_SIGN_STYLE = Automatic;
				CURRENT_PROJECT_VERSION = 1;
				DEFINES_MODULE = YES;
				DEVELOPMENT_TEAM = RWWB79843X;
				DYLIB_COMPATIBILITY_VERSION = 1;
				DYLIB_CURRENT_VERSION = 1;
				DYLIB_INSTALL_NAME_BASE = "@rpath";
				FRAMEWORK_SEARCH_PATHS = (
					"$(inherited)",
					"$(PROJECT_DIR)/Carthage/Build/iOS",
				);
				INFOPLIST_FILE = RxKoloda/Info.plist;
				INSTALL_PATH = "$(LOCAL_LIBRARY_DIR)/Frameworks";
				IPHONEOS_DEPLOYMENT_TARGET = 8.0;
				LD_RUNPATH_SEARCH_PATHS = (
					"$(inherited)",
					"@executable_path/Frameworks",
					"@loader_path/Frameworks",
				);
				PRODUCT_BUNDLE_IDENTIFIER = Pubbus.RxKoloda;
				PRODUCT_NAME = "$(TARGET_NAME:c99extidentifier)";
				SKIP_INSTALL = YES;
				SUPPORTS_MACCATALYST = NO;
				SWIFT_VERSION = 5.0;
				TARGETED_DEVICE_FAMILY = "1,2";
				VERSIONING_SYSTEM = "apple-generic";
				VERSION_INFO_PREFIX = "";
			};
			name = Debug;
		};
		9626121123618CF900ABF1D1 /* Release */ = {
			isa = XCBuildConfiguration;
			buildSettings = {
				CODE_SIGN_STYLE = Automatic;
				CURRENT_PROJECT_VERSION = 1;
				DEFINES_MODULE = YES;
				DEVELOPMENT_TEAM = RWWB79843X;
				DYLIB_COMPATIBILITY_VERSION = 1;
				DYLIB_CURRENT_VERSION = 1;
				DYLIB_INSTALL_NAME_BASE = "@rpath";
				FRAMEWORK_SEARCH_PATHS = (
					"$(inherited)",
					"$(PROJECT_DIR)/Carthage/Build/iOS",
				);
				INFOPLIST_FILE = RxKoloda/Info.plist;
				INSTALL_PATH = "$(LOCAL_LIBRARY_DIR)/Frameworks";
				IPHONEOS_DEPLOYMENT_TARGET = 8.0;
				LD_RUNPATH_SEARCH_PATHS = (
					"$(inherited)",
					"@executable_path/Frameworks",
					"@loader_path/Frameworks",
				);
				PRODUCT_BUNDLE_IDENTIFIER = Pubbus.RxKoloda;
				PRODUCT_NAME = "$(TARGET_NAME:c99extidentifier)";
				SKIP_INSTALL = YES;
				SUPPORTS_MACCATALYST = NO;
				SWIFT_VERSION = 5.0;
				TARGETED_DEVICE_FAMILY = "1,2";
				VERSIONING_SYSTEM = "apple-generic";
				VERSION_INFO_PREFIX = "";
			};
			name = Release;
		};
		968BF8CA2362130100BBD67A /* Debug */ = {
			isa = XCBuildConfiguration;
			buildSettings = {
				ASSETCATALOG_COMPILER_APPICON_NAME = AppIcon;
				CODE_SIGN_STYLE = Automatic;
				DEVELOPMENT_TEAM = RWWB79843X;
				FRAMEWORK_SEARCH_PATHS = (
					"$(inherited)",
					"$(PROJECT_DIR)/Carthage/Build/iOS",
				);
				INFOPLIST_FILE = TestApp/Info.plist;
				LD_RUNPATH_SEARCH_PATHS = (
					"$(inherited)",
					"@executable_path/Frameworks",
				);
				PRODUCT_BUNDLE_IDENTIFIER = Pubbus.TestApp;
				PRODUCT_NAME = "$(TARGET_NAME)";
				SWIFT_VERSION = 5.0;
				TARGETED_DEVICE_FAMILY = "1,2";
			};
			name = Debug;
		};
		968BF8CB2362130100BBD67A /* Release */ = {
			isa = XCBuildConfiguration;
			buildSettings = {
				ASSETCATALOG_COMPILER_APPICON_NAME = AppIcon;
				CODE_SIGN_STYLE = Automatic;
				DEVELOPMENT_TEAM = RWWB79843X;
				FRAMEWORK_SEARCH_PATHS = (
					"$(inherited)",
					"$(PROJECT_DIR)/Carthage/Build/iOS",
				);
				INFOPLIST_FILE = TestApp/Info.plist;
				LD_RUNPATH_SEARCH_PATHS = (
					"$(inherited)",
					"@executable_path/Frameworks",
				);
				PRODUCT_BUNDLE_IDENTIFIER = Pubbus.TestApp;
				PRODUCT_NAME = "$(TARGET_NAME)";
				SWIFT_VERSION = 5.0;
				TARGETED_DEVICE_FAMILY = "1,2";
			};
			name = Release;
		};
		9698951223617EA400F7B483 /* Debug */ = {
			isa = XCBuildConfiguration;
			buildSettings = {
				ALWAYS_SEARCH_USER_PATHS = NO;
				CLANG_ANALYZER_NONNULL = YES;
				CLANG_ANALYZER_NUMBER_OBJECT_CONVERSION = YES_AGGRESSIVE;
				CLANG_CXX_LANGUAGE_STANDARD = "gnu++14";
				CLANG_CXX_LIBRARY = "libc++";
				CLANG_ENABLE_MODULES = YES;
				CLANG_ENABLE_OBJC_ARC = YES;
				CLANG_ENABLE_OBJC_WEAK = YES;
				CLANG_WARN_BLOCK_CAPTURE_AUTORELEASING = YES;
				CLANG_WARN_BOOL_CONVERSION = YES;
				CLANG_WARN_COMMA = YES;
				CLANG_WARN_CONSTANT_CONVERSION = YES;
				CLANG_WARN_DEPRECATED_OBJC_IMPLEMENTATIONS = YES;
				CLANG_WARN_DIRECT_OBJC_ISA_USAGE = YES_ERROR;
				CLANG_WARN_DOCUMENTATION_COMMENTS = YES;
				CLANG_WARN_EMPTY_BODY = YES;
				CLANG_WARN_ENUM_CONVERSION = YES;
				CLANG_WARN_INFINITE_RECURSION = YES;
				CLANG_WARN_INT_CONVERSION = YES;
				CLANG_WARN_NON_LITERAL_NULL_CONVERSION = YES;
				CLANG_WARN_OBJC_IMPLICIT_RETAIN_SELF = YES;
				CLANG_WARN_OBJC_LITERAL_CONVERSION = YES;
				CLANG_WARN_OBJC_ROOT_CLASS = YES_ERROR;
				CLANG_WARN_RANGE_LOOP_ANALYSIS = YES;
				CLANG_WARN_STRICT_PROTOTYPES = YES;
				CLANG_WARN_SUSPICIOUS_MOVE = YES;
				CLANG_WARN_UNGUARDED_AVAILABILITY = YES_AGGRESSIVE;
				CLANG_WARN_UNREACHABLE_CODE = YES;
				CLANG_WARN__DUPLICATE_METHOD_MATCH = YES;
				COPY_PHASE_STRIP = NO;
				DEBUG_INFORMATION_FORMAT = dwarf;
				ENABLE_STRICT_OBJC_MSGSEND = YES;
				ENABLE_TESTABILITY = YES;
				GCC_C_LANGUAGE_STANDARD = gnu11;
				GCC_DYNAMIC_NO_PIC = NO;
				GCC_NO_COMMON_BLOCKS = YES;
				GCC_OPTIMIZATION_LEVEL = 0;
				GCC_PREPROCESSOR_DEFINITIONS = (
					"DEBUG=1",
					"$(inherited)",
				);
				GCC_WARN_64_TO_32_BIT_CONVERSION = YES;
				GCC_WARN_ABOUT_RETURN_TYPE = YES_ERROR;
				GCC_WARN_UNDECLARED_SELECTOR = YES;
				GCC_WARN_UNINITIALIZED_AUTOS = YES_AGGRESSIVE;
				GCC_WARN_UNUSED_FUNCTION = YES;
				GCC_WARN_UNUSED_VARIABLE = YES;
				IPHONEOS_DEPLOYMENT_TARGET = 13.1;
				MTL_ENABLE_DEBUG_INFO = INCLUDE_SOURCE;
				MTL_FAST_MATH = YES;
				ONLY_ACTIVE_ARCH = YES;
				SDKROOT = iphoneos;
				SWIFT_ACTIVE_COMPILATION_CONDITIONS = DEBUG;
				SWIFT_OPTIMIZATION_LEVEL = "-Onone";
			};
			name = Debug;
		};
		9698951323617EA400F7B483 /* Release */ = {
			isa = XCBuildConfiguration;
			buildSettings = {
				ALWAYS_SEARCH_USER_PATHS = NO;
				CLANG_ANALYZER_NONNULL = YES;
				CLANG_ANALYZER_NUMBER_OBJECT_CONVERSION = YES_AGGRESSIVE;
				CLANG_CXX_LANGUAGE_STANDARD = "gnu++14";
				CLANG_CXX_LIBRARY = "libc++";
				CLANG_ENABLE_MODULES = YES;
				CLANG_ENABLE_OBJC_ARC = YES;
				CLANG_ENABLE_OBJC_WEAK = YES;
				CLANG_WARN_BLOCK_CAPTURE_AUTORELEASING = YES;
				CLANG_WARN_BOOL_CONVERSION = YES;
				CLANG_WARN_COMMA = YES;
				CLANG_WARN_CONSTANT_CONVERSION = YES;
				CLANG_WARN_DEPRECATED_OBJC_IMPLEMENTATIONS = YES;
				CLANG_WARN_DIRECT_OBJC_ISA_USAGE = YES_ERROR;
				CLANG_WARN_DOCUMENTATION_COMMENTS = YES;
				CLANG_WARN_EMPTY_BODY = YES;
				CLANG_WARN_ENUM_CONVERSION = YES;
				CLANG_WARN_INFINITE_RECURSION = YES;
				CLANG_WARN_INT_CONVERSION = YES;
				CLANG_WARN_NON_LITERAL_NULL_CONVERSION = YES;
				CLANG_WARN_OBJC_IMPLICIT_RETAIN_SELF = YES;
				CLANG_WARN_OBJC_LITERAL_CONVERSION = YES;
				CLANG_WARN_OBJC_ROOT_CLASS = YES_ERROR;
				CLANG_WARN_RANGE_LOOP_ANALYSIS = YES;
				CLANG_WARN_STRICT_PROTOTYPES = YES;
				CLANG_WARN_SUSPICIOUS_MOVE = YES;
				CLANG_WARN_UNGUARDED_AVAILABILITY = YES_AGGRESSIVE;
				CLANG_WARN_UNREACHABLE_CODE = YES;
				CLANG_WARN__DUPLICATE_METHOD_MATCH = YES;
				COPY_PHASE_STRIP = NO;
				DEBUG_INFORMATION_FORMAT = "dwarf-with-dsym";
				ENABLE_NS_ASSERTIONS = NO;
				ENABLE_STRICT_OBJC_MSGSEND = YES;
				GCC_C_LANGUAGE_STANDARD = gnu11;
				GCC_NO_COMMON_BLOCKS = YES;
				GCC_WARN_64_TO_32_BIT_CONVERSION = YES;
				GCC_WARN_ABOUT_RETURN_TYPE = YES_ERROR;
				GCC_WARN_UNDECLARED_SELECTOR = YES;
				GCC_WARN_UNINITIALIZED_AUTOS = YES_AGGRESSIVE;
				GCC_WARN_UNUSED_FUNCTION = YES;
				GCC_WARN_UNUSED_VARIABLE = YES;
				IPHONEOS_DEPLOYMENT_TARGET = 13.1;
				MTL_ENABLE_DEBUG_INFO = NO;
				MTL_FAST_MATH = YES;
				SDKROOT = iphoneos;
				SWIFT_COMPILATION_MODE = wholemodule;
				SWIFT_OPTIMIZATION_LEVEL = "-O";
				VALIDATE_PRODUCT = YES;
			};
			name = Release;
		};
/* End XCBuildConfiguration section */

/* Begin XCConfigurationList section */
		9626120F23618CF900ABF1D1 /* Build configuration list for PBXNativeTarget "RxKoloda" */ = {
			isa = XCConfigurationList;
			buildConfigurations = (
				9626121023618CF900ABF1D1 /* Debug */,
				9626121123618CF900ABF1D1 /* Release */,
			);
			defaultConfigurationIsVisible = 0;
			defaultConfigurationName = Release;
		};
		968BF8CC2362130100BBD67A /* Build configuration list for PBXNativeTarget "TestApp" */ = {
			isa = XCConfigurationList;
			buildConfigurations = (
				968BF8CA2362130100BBD67A /* Debug */,
				968BF8CB2362130100BBD67A /* Release */,
			);
			defaultConfigurationIsVisible = 0;
			defaultConfigurationName = Release;
		};
		969894FB23617EA000F7B483 /* Build configuration list for PBXProject "RxKoloda" */ = {
			isa = XCConfigurationList;
			buildConfigurations = (
				9698951223617EA400F7B483 /* Debug */,
				9698951323617EA400F7B483 /* Release */,
			);
			defaultConfigurationIsVisible = 0;
			defaultConfigurationName = Release;
		};
/* End XCConfigurationList section */
	};
	rootObject = 969894F823617EA000F7B483 /* Project object */;
}
